
Microsoft Visual Studio Solution File, Format Version 12.00
# Visual Studio 15
Project("{FAE04EC0-301F-11D3-BF4B-00C04F79EFBC}") = "Assembly-CSharp", "Assembly-CSharp.csproj", "{893E61ED-0CF1-48BF-8E7D-8DFE12622704}"
EndProject
Project("{FAE04EC0-301F-11D3-BF4B-00C04F79EFBC}") = "Assembly-CSharp-Editor", "Assembly-CSharp-Editor.csproj", "{327C97FE-C49E-071A-AFD5-B6C2A4CC0793}"
EndProject
Global
	GlobalSection(SolutionConfigurationPlatforms) = preSolution
		Debug|Any CPU = Debug|Any CPU
		Release|Any CPU = Release|Any CPU
	EndGlobalSection
	GlobalSection(ProjectConfigurationPlatforms) = postSolution
		{893E61ED-0CF1-48BF-8E7D-8DFE12622704}.Debug|Any CPU.ActiveCfg = Debug|Any CPU
		{893E61ED-0CF1-48BF-8E7D-8DFE12622704}.Debug|Any CPU.Build.0 = Debug|Any CPU
		{893E61ED-0CF1-48BF-8E7D-8DFE12622704}.Release|Any CPU.ActiveCfg = Release|Any CPU
		{893E61ED-0CF1-48BF-8E7D-8DFE12622704}.Release|Any CPU.Build.0 = Release|Any CPU
		{327C97FE-C49E-071A-AFD5-B6C2A4CC0793}.Debug|Any CPU.ActiveCfg = Debug|Any CPU
		{327C97FE-C49E-071A-AFD5-B6C2A4CC0793}.Debug|Any CPU.Build.0 = Debug|Any CPU
		{327C97FE-C49E-071A-AFD5-B6C2A4CC0793}.Release|Any CPU.ActiveCfg = Release|Any CPU
		{327C97FE-C49E-071A-AFD5-B6C2A4CC0793}.Release|Any CPU.Build.0 = Release|Any CPU
	EndGlobalSection
	GlobalSection(SolutionProperties) = preSolution
		HideSolutionNode = FALSE
	EndGlobalSection
EndGlobal
